
Microsoft Visual Studio Solution File, Format Version 12.00
# Visual Studio 15
VisualStudioVersion = 15.0.27130.2003
MinimumVisualStudioVersion = 10.0.40219.1
Project("{FAE04EC0-301F-11D3-BF4B-00C04F79EFBC}") = "Superior Injector", "Superior Injector.csproj", "{AAF2D6A1-916C-4AE2-A2C2-2DBD2CF796BB}"
EndProject
Global
	GlobalSection(SolutionConfigurationPlatforms) = preSolution
		Debug|Any CPU = Debug|Any CPU
		Release|Any CPU = Release|Any CPU
	EndGlobalSection
	GlobalSection(ProjectConfigurationPlatforms) = postSolution
		{AAF2D6A1-916C-4AE2-A2C2-2DBD2CF796BB}.Debug|Any CPU.ActiveCfg = Debug|Any CPU
		{AAF2D6A1-916C-4AE2-A2C2-2DBD2CF796BB}.Debug|Any CPU.Build.0 = Debug|Any CPU
		{AAF2D6A1-916C-4AE2-A2C2-2DBD2CF796BB}.Release|Any CPU.ActiveCfg = Release|Any CPU
		{AAF2D6A1-916C-4AE2-A2C2-2DBD2CF796BB}.Release|Any CPU.Build.0 = Release|Any CPU
	EndGlobalSection
	GlobalSection(SolutionProperties) = preSolution
		HideSolutionNode = FALSE
	EndGlobalSection
	GlobalSection(ExtensibilityGlobals) = postSolution
		SolutionGuid = {04DE0C95-4292-4804-BF7D-14DBBFCA2FA1}
	EndGlobalSection
EndGlobal
